
Microsoft Visual Studio Solution File, Format Version 12.00
# Visual Studio 15
VisualStudioVersion = 15.0.28307.1022
MinimumVisualStudioVersion = 10.0.40219.1
Project("{FAE04EC0-301F-11D3-BF4B-00C04F79EFBC}") = "Lesson3", "Lesson3\Lesson3.csproj", "{B8F954E1-EF9F-4C0F-9475-778C4BFE3402}"
EndProject
Global
	GlobalSection(SolutionConfigurationPlatforms) = preSolution
		Debug|Any CPU = Debug|Any CPU
		Release|Any CPU = Release|Any CPU
	EndGlobalSection
	GlobalSection(ProjectConfigurationPlatforms) = postSolution
		{B8F954E1-EF9F-4C0F-9475-778C4BFE3402}.Debug|Any CPU.ActiveCfg = Debug|Any CPU
		{B8F954E1-EF9F-4C0F-9475-778C4BFE3402}.Debug|Any CPU.Build.0 = Debug|Any CPU
		{B8F954E1-EF9F-4C0F-9475-778C4BFE3402}.Release|Any CPU.ActiveCfg = Release|Any CPU
		{B8F954E1-EF9F-4C0F-9475-778C4BFE3402}.Release|Any CPU.Build.0 = Release|Any CPU
	EndGlobalSection
	GlobalSection(SolutionProperties) = preSolution
		HideSolutionNode = FALSE
	EndGlobalSection
	GlobalSection(ExtensibilityGlobals) = postSolution
		SolutionGuid = {322327FD-9C3E-41DD-896C-BC8FCFAC4389}
	EndGlobalSection
EndGlobal
